
Microsoft Visual Studio Solution File, Format Version 12.00
# Visual Studio Version 16
VisualStudioVersion = 16.0.30413.136
MinimumVisualStudioVersion = 10.0.40219.1
Project("{FAE04EC0-301F-11D3-BF4B-00C04F79EFBC}") = "d01_basic", "d01_basic\d01_basic.csproj", "{0B8EEE45-F7AB-4531-B3B8-982BED745D9F}"
EndProject
Project("{FAE04EC0-301F-11D3-BF4B-00C04F79EFBC}") = "d02_array", "d02_array\d02_array.csproj", "{FB34DD28-04AD-4FB4-93F6-A753043475A6}"
EndProject
Project("{FAE04EC0-301F-11D3-BF4B-00C04F79EFBC}") = "d02_ClassMethod", "d02_ClassMethod\d02_ClassMethod.csproj", "{0E2BF055-6E9D-4FAF-A812-55BB2F09B2DC}"
EndProject
Project("{FAE04EC0-301F-11D3-BF4B-00C04F79EFBC}") = "d03_Class", "d03_Class\d03_Class.csproj", "{76894BAD-75B8-4F2E-9144-72A8EA36A5DF}"
EndProject
Project("{FAE04EC0-301F-11D3-BF4B-00C04F79EFBC}") = "d04_Property", "d04_Property\d04_Property.csproj", "{6230E211-8D27-4120-BB12-C6950176CC52}"
EndProject
Project("{FAE04EC0-301F-11D3-BF4B-00C04F79EFBC}") = "d03_abstract", "..\..\..\..\Users\minhl\Downloads\d03_abstract\d03_abstract.csproj", "{7DFE4015-3A4F-465B-A38F-7B718A44056B}"
EndProject
Project("{FAE04EC0-301F-11D3-BF4B-00C04F79EFBC}") = "d03_Inheritance", "..\..\..\..\Users\minhl\Downloads\d03_Inheritance\d03_Inheritance.csproj", "{86F3E173-EE2E-44AD-9179-48DC6E0A1433}"
EndProject
Project("{FAE04EC0-301F-11D3-BF4B-00C04F79EFBC}") = "d05_event_delegate", "d05_event_delegate\d05_event_delegate.csproj", "{C61CE8B4-9D81-4061-A78B-F413E6E8ED07}"
EndProject
Project("{FAE04EC0-301F-11D3-BF4B-00C04F79EFBC}") = "d05_collection_event", "d05_collection_event\d05_collection_event.csproj", "{AAF969AC-B76E-4263-AEC6-20D13E978C7B}"
EndProject
Global
	GlobalSection(SolutionConfigurationPlatforms) = preSolution
		Debug|Any CPU = Debug|Any CPU
		Release|Any CPU = Release|Any CPU
	EndGlobalSection
	GlobalSection(ProjectConfigurationPlatforms) = postSolution
		{0B8EEE45-F7AB-4531-B3B8-982BED745D9F}.Debug|Any CPU.ActiveCfg = Debug|Any CPU
		{0B8EEE45-F7AB-4531-B3B8-982BED745D9F}.Debug|Any CPU.Build.0 = Debug|Any CPU
		{0B8EEE45-F7AB-4531-B3B8-982BED745D9F}.Release|Any CPU.ActiveCfg = Release|Any CPU
		{0B8EEE45-F7AB-4531-B3B8-982BED745D9F}.Release|Any CPU.Build.0 = Release|Any CPU
		{FB34DD28-04AD-4FB4-93F6-A753043475A6}.Debug|Any CPU.ActiveCfg = Debug|Any CPU
		{FB34DD28-04AD-4FB4-93F6-A753043475A6}.Debug|Any CPU.Build.0 = Debug|Any CPU
		{FB34DD28-04AD-4FB4-93F6-A753043475A6}.Release|Any CPU.ActiveCfg = Release|Any CPU
		{FB34DD28-04AD-4FB4-93F6-A753043475A6}.Release|Any CPU.Build.0 = Release|Any CPU
		{0E2BF055-6E9D-4FAF-A812-55BB2F09B2DC}.Debug|Any CPU.ActiveCfg = Debug|Any CPU
		{0E2BF055-6E9D-4FAF-A812-55BB2F09B2DC}.Debug|Any CPU.Build.0 = Debug|Any CPU
		{0E2BF055-6E9D-4FAF-A812-55BB2F09B2DC}.Release|Any CPU.ActiveCfg = Release|Any CPU
		{0E2BF055-6E9D-4FAF-A812-55BB2F09B2DC}.Release|Any CPU.Build.0 = Release|Any CPU
		{76894BAD-75B8-4F2E-9144-72A8EA36A5DF}.Debug|Any CPU.ActiveCfg = Debug|Any CPU
		{76894BAD-75B8-4F2E-9144-72A8EA36A5DF}.Debug|Any CPU.Build.0 = Debug|Any CPU
		{76894BAD-75B8-4F2E-9144-72A8EA36A5DF}.Release|Any CPU.ActiveCfg = Release|Any CPU
		{76894BAD-75B8-4F2E-9144-72A8EA36A5DF}.Release|Any CPU.Build.0 = Release|Any CPU
		{6230E211-8D27-4120-BB12-C6950176CC52}.Debug|Any CPU.ActiveCfg = Debug|Any CPU
		{6230E211-8D27-4120-BB12-C6950176CC52}.Debug|Any CPU.Build.0 = Debug|Any CPU
		{6230E211-8D27-4120-BB12-C6950176CC52}.Release|Any CPU.ActiveCfg = Release|Any CPU
		{6230E211-8D27-4120-BB12-C6950176CC52}.Release|Any CPU.Build.0 = Release|Any CPU
		{7DFE4015-3A4F-465B-A38F-7B718A44056B}.Debug|Any CPU.ActiveCfg = Debug|Any CPU
		{7DFE4015-3A4F-465B-A38F-7B718A44056B}.Debug|Any CPU.Build.0 = Debug|Any CPU
		{7DFE4015-3A4F-465B-A38F-7B718A44056B}.Release|Any CPU.ActiveCfg = Release|Any CPU
		{7DFE4015-3A4F-465B-A38F-7B718A44056B}.Release|Any CPU.Build.0 = Release|Any CPU
		{86F3E173-EE2E-44AD-9179-48DC6E0A1433}.Debug|Any CPU.ActiveCfg = Debug|Any CPU
		{86F3E173-EE2E-44AD-9179-48DC6E0A1433}.Debug|Any CPU.Build.0 = Debug|Any CPU
		{86F3E173-EE2E-44AD-9179-48DC6E0A1433}.Release|Any CPU.ActiveCfg = Release|Any CPU
		{86F3E173-EE2E-44AD-9179-48DC6E0A1433}.Release|Any CPU.Build.0 = Release|Any CPU
		{C61CE8B4-9D81-4061-A78B-F413E6E8ED07}.Debug|Any CPU.ActiveCfg = Debug|Any CPU
		{C61CE8B4-9D81-4061-A78B-F413E6E8ED07}.Debug|Any CPU.Build.0 = Debug|Any CPU
		{C61CE8B4-9D81-4061-A78B-F413E6E8ED07}.Release|Any CPU.ActiveCfg = Release|Any CPU
		{C61CE8B4-9D81-4061-A78B-F413E6E8ED07}.Release|Any CPU.Build.0 = Release|Any CPU
		{AAF969AC-B76E-4263-AEC6-20D13E978C7B}.Debug|Any CPU.ActiveCfg = Debug|Any CPU
		{AAF969AC-B76E-4263-AEC6-20D13E978C7B}.Debug|Any CPU.Build.0 = Debug|Any CPU
		{AAF969AC-B76E-4263-AEC6-20D13E978C7B}.Release|Any CPU.ActiveCfg = Release|Any CPU
		{AAF969AC-B76E-4263-AEC6-20D13E978C7B}.Release|Any CPU.Build.0 = Release|Any CPU
	EndGlobalSection
	GlobalSection(SolutionProperties) = preSolution
		HideSolutionNode = FALSE
	EndGlobalSection
	GlobalSection(ExtensibilityGlobals) = postSolution
		SolutionGuid = {75D4B4CD-C0D3-443D-95F4-BF600F8C8C97}
	EndGlobalSection
EndGlobal
