
Microsoft Visual Studio Solution File, Format Version 12.00
# Visual Studio Version 16
VisualStudioVersion = 16.0.30503.244
MinimumVisualStudioVersion = 10.0.40219.1
Project("{FAE04EC0-301F-11D3-BF4B-00C04F79EFBC}") = "ass-1", "ass-1\ass-1.csproj", "{77F9B0E8-17F3-4006-ADE2-132CA6440FE4}"
EndProject
Project("{FAE04EC0-301F-11D3-BF4B-00C04F79EFBC}") = "ass-2", "ass-2\ass-2.csproj", "{E6906B31-9BA3-4E46-919B-75B5C9997CB3}"
EndProject
Project("{FAE04EC0-301F-11D3-BF4B-00C04F79EFBC}") = "ass-3", "ass-3\ass-3.csproj", "{3F7D2DCC-C944-4AB5-91DF-69B2143A846A}"
EndProject
Project("{FAE04EC0-301F-11D3-BF4B-00C04F79EFBC}") = "d03_Inheritance", "C:\Users\minhl\Downloads\d03_Inheritance\d03_Inheritance.csproj", "{86F3E173-EE2E-44AD-9179-48DC6E0A1433}"
EndProject
Project("{FAE04EC0-301F-11D3-BF4B-00C04F79EFBC}") = "d03_abstract", "C:\Users\minhl\Downloads\d03_abstract\d03_abstract.csproj", "{7DFE4015-3A4F-465B-A38F-7B718A44056B}"
EndProject
Project("{FAE04EC0-301F-11D3-BF4B-00C04F79EFBC}") = "d01_basic", "..\AP\d01_basic\d01_basic.csproj", "{0B8EEE45-F7AB-4531-B3B8-982BED745D9F}"
EndProject
Project("{FAE04EC0-301F-11D3-BF4B-00C04F79EFBC}") = "d02_array", "..\AP\d02_array\d02_array.csproj", "{FB34DD28-04AD-4FB4-93F6-A753043475A6}"
EndProject
Project("{FAE04EC0-301F-11D3-BF4B-00C04F79EFBC}") = "d02_ClassMethod", "..\AP\d02_ClassMethod\d02_ClassMethod.csproj", "{0E2BF055-6E9D-4FAF-A812-55BB2F09B2DC}"
EndProject
Project("{FAE04EC0-301F-11D3-BF4B-00C04F79EFBC}") = "d04_Property", "..\AP\d04_Property\d04_Property.csproj", "{6230E211-8D27-4120-BB12-C6950176CC52}"
EndProject
Project("{FAE04EC0-301F-11D3-BF4B-00C04F79EFBC}") = "d05_collection_event", "..\AP\d05_collection_event\d05_collection_event.csproj", "{AAF969AC-B76E-4263-AEC6-20D13E978C7B}"
EndProject
Project("{FAE04EC0-301F-11D3-BF4B-00C04F79EFBC}") = "d05_Delegate", "..\AP\d05_Delegate\d05_Delegate.csproj", "{421FEAA4-02AB-4EF6-9BF4-FD8752B726EC}"
EndProject
Project("{FAE04EC0-301F-11D3-BF4B-00C04F79EFBC}") = "d05_event_delegate", "..\AP\d05_event_delegate\d05_event_delegate.csproj", "{C61CE8B4-9D81-4061-A78B-F413E6E8ED07}"
EndProject
Project("{FAE04EC0-301F-11D3-BF4B-00C04F79EFBC}") = "ass-4", "ass-4\ass-4.csproj", "{6EBE76E5-584E-4D0C-A9B3-B71B1A01654D}"
EndProject
Project("{FAE04EC0-301F-11D3-BF4B-00C04F79EFBC}") = "ass-5", "ass-5\ass-5.csproj", "{7162D362-A5A9-45B7-9BE5-26F2F489E3A8}"
EndProject
Project("{FAE04EC0-301F-11D3-BF4B-00C04F79EFBC}") = "d06_generic", "d06_generic\d06_generic.csproj", "{A5214C5D-5D8E-4115-8224-EAD90C1C7B57}"
EndProject
Project("{FAE04EC0-301F-11D3-BF4B-00C04F79EFBC}") = "d06_advconcept", "d06_advconcept\d06_advconcept.csproj", "{BE1B714D-573E-428B-B169-E6A3B89A46E4}"
EndProject
Project("{FAE04EC0-301F-11D3-BF4B-00C04F79EFBC}") = "As-05", "C:\Users\minhl\Downloads\As-05\As-05.csproj", "{6F3ED357-6701-4D5C-8D28-BFC316AD660D}"
EndProject
Project("{FAE04EC0-301F-11D3-BF4B-00C04F79EFBC}") = "ass-6", "ass-6\ass-6.csproj", "{41458710-07BB-4FE5-B3B4-B42FD2F9C787}"
EndProject
Project("{FAE04EC0-301F-11D3-BF4B-00C04F79EFBC}") = "testiterator", "testiterator\testiterator.csproj", "{7B29EDFA-6F63-4C35-BBB7-A120F295C41F}"
EndProject
Project("{FAE04EC0-301F-11D3-BF4B-00C04F79EFBC}") = "ass-7", "ass-7\ass-7.csproj", "{54AF7FAE-5E03-4F2B-99D4-6023EDD02D27}"
EndProject
Project("{FAE04EC0-301F-11D3-BF4B-00C04F79EFBC}") = "d07_adv", "d07_adv\d07_adv.csproj", "{6D6FFDFF-B06E-4B8A-A8A8-23737DB4C6F1}"
EndProject
Project("{FAE04EC0-301F-11D3-BF4B-00C04F79EFBC}") = "Demo", "..\..\8.AP\Assignment\Demo_d10\Demo\Demo.csproj", "{C15EE141-B3DD-4D0E-A6F1-B4D124560514}"
EndProject
Project("{FAE04EC0-301F-11D3-BF4B-00C04F79EFBC}") = "ass-8", "ass-8\ass-8.csproj", "{EB81C434-24CC-441E-A236-1887911C4422}"
EndProject
Project("{FAE04EC0-301F-11D3-BF4B-00C04F79EFBC}") = "ass-9", "ass-9\ass-9.csproj", "{D3F15FF2-2B05-4AE5-9DDF-D12E6A306439}"
EndProject
Project("{FAE04EC0-301F-11D3-BF4B-00C04F79EFBC}") = "ass-10", "ass-10\ass-10.csproj", "{58EA35C6-4BC5-46EB-BD92-6C022ADCB056}"
EndProject
Global
	GlobalSection(SolutionConfigurationPlatforms) = preSolution
		Debug|Any CPU = Debug|Any CPU
		Release|Any CPU = Release|Any CPU
	EndGlobalSection
	GlobalSection(ProjectConfigurationPlatforms) = postSolution
		{77F9B0E8-17F3-4006-ADE2-132CA6440FE4}.Debug|Any CPU.ActiveCfg = Debug|Any CPU
		{77F9B0E8-17F3-4006-ADE2-132CA6440FE4}.Debug|Any CPU.Build.0 = Debug|Any CPU
		{77F9B0E8-17F3-4006-ADE2-132CA6440FE4}.Release|Any CPU.ActiveCfg = Release|Any CPU
		{77F9B0E8-17F3-4006-ADE2-132CA6440FE4}.Release|Any CPU.Build.0 = Release|Any CPU
		{E6906B31-9BA3-4E46-919B-75B5C9997CB3}.Debug|Any CPU.ActiveCfg = Debug|Any CPU
		{E6906B31-9BA3-4E46-919B-75B5C9997CB3}.Debug|Any CPU.Build.0 = Debug|Any CPU
		{E6906B31-9BA3-4E46-919B-75B5C9997CB3}.Release|Any CPU.ActiveCfg = Release|Any CPU
		{E6906B31-9BA3-4E46-919B-75B5C9997CB3}.Release|Any CPU.Build.0 = Release|Any CPU
		{3F7D2DCC-C944-4AB5-91DF-69B2143A846A}.Debug|Any CPU.ActiveCfg = Debug|Any CPU
		{3F7D2DCC-C944-4AB5-91DF-69B2143A846A}.Debug|Any CPU.Build.0 = Debug|Any CPU
		{3F7D2DCC-C944-4AB5-91DF-69B2143A846A}.Release|Any CPU.ActiveCfg = Release|Any CPU
		{3F7D2DCC-C944-4AB5-91DF-69B2143A846A}.Release|Any CPU.Build.0 = Release|Any CPU
		{86F3E173-EE2E-44AD-9179-48DC6E0A1433}.Debug|Any CPU.ActiveCfg = Debug|Any CPU
		{86F3E173-EE2E-44AD-9179-48DC6E0A1433}.Debug|Any CPU.Build.0 = Debug|Any CPU
		{86F3E173-EE2E-44AD-9179-48DC6E0A1433}.Release|Any CPU.ActiveCfg = Release|Any CPU
		{86F3E173-EE2E-44AD-9179-48DC6E0A1433}.Release|Any CPU.Build.0 = Release|Any CPU
		{7DFE4015-3A4F-465B-A38F-7B718A44056B}.Debug|Any CPU.ActiveCfg = Debug|Any CPU
		{7DFE4015-3A4F-465B-A38F-7B718A44056B}.Debug|Any CPU.Build.0 = Debug|Any CPU
		{7DFE4015-3A4F-465B-A38F-7B718A44056B}.Release|Any CPU.ActiveCfg = Release|Any CPU
		{7DFE4015-3A4F-465B-A38F-7B718A44056B}.Release|Any CPU.Build.0 = Release|Any CPU
		{0B8EEE45-F7AB-4531-B3B8-982BED745D9F}.Debug|Any CPU.ActiveCfg = Debug|Any CPU
		{0B8EEE45-F7AB-4531-B3B8-982BED745D9F}.Debug|Any CPU.Build.0 = Debug|Any CPU
		{0B8EEE45-F7AB-4531-B3B8-982BED745D9F}.Release|Any CPU.ActiveCfg = Release|Any CPU
		{0B8EEE45-F7AB-4531-B3B8-982BED745D9F}.Release|Any CPU.Build.0 = Release|Any CPU
		{FB34DD28-04AD-4FB4-93F6-A753043475A6}.Debug|Any CPU.ActiveCfg = Debug|Any CPU
		{FB34DD28-04AD-4FB4-93F6-A753043475A6}.Debug|Any CPU.Build.0 = Debug|Any CPU
		{FB34DD28-04AD-4FB4-93F6-A753043475A6}.Release|Any CPU.ActiveCfg = Release|Any CPU
		{FB34DD28-04AD-4FB4-93F6-A753043475A6}.Release|Any CPU.Build.0 = Release|Any CPU
		{0E2BF055-6E9D-4FAF-A812-55BB2F09B2DC}.Debug|Any CPU.ActiveCfg = Debug|Any CPU
		{0E2BF055-6E9D-4FAF-A812-55BB2F09B2DC}.Debug|Any CPU.Build.0 = Debug|Any CPU
		{0E2BF055-6E9D-4FAF-A812-55BB2F09B2DC}.Release|Any CPU.ActiveCfg = Release|Any CPU
		{0E2BF055-6E9D-4FAF-A812-55BB2F09B2DC}.Release|Any CPU.Build.0 = Release|Any CPU
		{6230E211-8D27-4120-BB12-C6950176CC52}.Debug|Any CPU.ActiveCfg = Debug|Any CPU
		{6230E211-8D27-4120-BB12-C6950176CC52}.Debug|Any CPU.Build.0 = Debug|Any CPU
		{6230E211-8D27-4120-BB12-C6950176CC52}.Release|Any CPU.ActiveCfg = Release|Any CPU
		{6230E211-8D27-4120-BB12-C6950176CC52}.Release|Any CPU.Build.0 = Release|Any CPU
		{AAF969AC-B76E-4263-AEC6-20D13E978C7B}.Debug|Any CPU.ActiveCfg = Debug|Any CPU
		{AAF969AC-B76E-4263-AEC6-20D13E978C7B}.Debug|Any CPU.Build.0 = Debug|Any CPU
		{AAF969AC-B76E-4263-AEC6-20D13E978C7B}.Release|Any CPU.ActiveCfg = Release|Any CPU
		{AAF969AC-B76E-4263-AEC6-20D13E978C7B}.Release|Any CPU.Build.0 = Release|Any CPU
		{421FEAA4-02AB-4EF6-9BF4-FD8752B726EC}.Debug|Any CPU.ActiveCfg = Debug|Any CPU
		{421FEAA4-02AB-4EF6-9BF4-FD8752B726EC}.Debug|Any CPU.Build.0 = Debug|Any CPU
		{421FEAA4-02AB-4EF6-9BF4-FD8752B726EC}.Release|Any CPU.ActiveCfg = Release|Any CPU
		{421FEAA4-02AB-4EF6-9BF4-FD8752B726EC}.Release|Any CPU.Build.0 = Release|Any CPU
		{C61CE8B4-9D81-4061-A78B-F413E6E8ED07}.Debug|Any CPU.ActiveCfg = Debug|Any CPU
		{C61CE8B4-9D81-4061-A78B-F413E6E8ED07}.Debug|Any CPU.Build.0 = Debug|Any CPU
		{C61CE8B4-9D81-4061-A78B-F413E6E8ED07}.Release|Any CPU.ActiveCfg = Release|Any CPU
		{C61CE8B4-9D81-4061-A78B-F413E6E8ED07}.Release|Any CPU.Build.0 = Release|Any CPU
		{6EBE76E5-584E-4D0C-A9B3-B71B1A01654D}.Debug|Any CPU.ActiveCfg = Debug|Any CPU
		{6EBE76E5-584E-4D0C-A9B3-B71B1A01654D}.Debug|Any CPU.Build.0 = Debug|Any CPU
		{6EBE76E5-584E-4D0C-A9B3-B71B1A01654D}.Release|Any CPU.ActiveCfg = Release|Any CPU
		{6EBE76E5-584E-4D0C-A9B3-B71B1A01654D}.Release|Any CPU.Build.0 = Release|Any CPU
		{7162D362-A5A9-45B7-9BE5-26F2F489E3A8}.Debug|Any CPU.ActiveCfg = Debug|Any CPU
		{7162D362-A5A9-45B7-9BE5-26F2F489E3A8}.Debug|Any CPU.Build.0 = Debug|Any CPU
		{7162D362-A5A9-45B7-9BE5-26F2F489E3A8}.Release|Any CPU.ActiveCfg = Release|Any CPU
		{7162D362-A5A9-45B7-9BE5-26F2F489E3A8}.Release|Any CPU.Build.0 = Release|Any CPU
		{A5214C5D-5D8E-4115-8224-EAD90C1C7B57}.Debug|Any CPU.ActiveCfg = Debug|Any CPU
		{A5214C5D-5D8E-4115-8224-EAD90C1C7B57}.Debug|Any CPU.Build.0 = Debug|Any CPU
		{A5214C5D-5D8E-4115-8224-EAD90C1C7B57}.Release|Any CPU.ActiveCfg = Release|Any CPU
		{A5214C5D-5D8E-4115-8224-EAD90C1C7B57}.Release|Any CPU.Build.0 = Release|Any CPU
		{BE1B714D-573E-428B-B169-E6A3B89A46E4}.Debug|Any CPU.ActiveCfg = Debug|Any CPU
		{BE1B714D-573E-428B-B169-E6A3B89A46E4}.Debug|Any CPU.Build.0 = Debug|Any CPU
		{BE1B714D-573E-428B-B169-E6A3B89A46E4}.Release|Any CPU.ActiveCfg = Release|Any CPU
		{BE1B714D-573E-428B-B169-E6A3B89A46E4}.Release|Any CPU.Build.0 = Release|Any CPU
		{6F3ED357-6701-4D5C-8D28-BFC316AD660D}.Debug|Any CPU.ActiveCfg = Debug|Any CPU
		{6F3ED357-6701-4D5C-8D28-BFC316AD660D}.Debug|Any CPU.Build.0 = Debug|Any CPU
		{6F3ED357-6701-4D5C-8D28-BFC316AD660D}.Release|Any CPU.ActiveCfg = Release|Any CPU
		{6F3ED357-6701-4D5C-8D28-BFC316AD660D}.Release|Any CPU.Build.0 = Release|Any CPU
		{41458710-07BB-4FE5-B3B4-B42FD2F9C787}.Debug|Any CPU.ActiveCfg = Debug|Any CPU
		{41458710-07BB-4FE5-B3B4-B42FD2F9C787}.Debug|Any CPU.Build.0 = Debug|Any CPU
		{41458710-07BB-4FE5-B3B4-B42FD2F9C787}.Release|Any CPU.ActiveCfg = Release|Any CPU
		{41458710-07BB-4FE5-B3B4-B42FD2F9C787}.Release|Any CPU.Build.0 = Release|Any CPU
		{7B29EDFA-6F63-4C35-BBB7-A120F295C41F}.Debug|Any CPU.ActiveCfg = Debug|Any CPU
		{7B29EDFA-6F63-4C35-BBB7-A120F295C41F}.Debug|Any CPU.Build.0 = Debug|Any CPU
		{7B29EDFA-6F63-4C35-BBB7-A120F295C41F}.Release|Any CPU.ActiveCfg = Release|Any CPU
		{7B29EDFA-6F63-4C35-BBB7-A120F295C41F}.Release|Any CPU.Build.0 = Release|Any CPU
		{54AF7FAE-5E03-4F2B-99D4-6023EDD02D27}.Debug|Any CPU.ActiveCfg = Debug|Any CPU
		{54AF7FAE-5E03-4F2B-99D4-6023EDD02D27}.Debug|Any CPU.Build.0 = Debug|Any CPU
		{54AF7FAE-5E03-4F2B-99D4-6023EDD02D27}.Release|Any CPU.ActiveCfg = Release|Any CPU
		{54AF7FAE-5E03-4F2B-99D4-6023EDD02D27}.Release|Any CPU.Build.0 = Release|Any CPU
		{6D6FFDFF-B06E-4B8A-A8A8-23737DB4C6F1}.Debug|Any CPU.ActiveCfg = Debug|Any CPU
		{6D6FFDFF-B06E-4B8A-A8A8-23737DB4C6F1}.Debug|Any CPU.Build.0 = Debug|Any CPU
		{6D6FFDFF-B06E-4B8A-A8A8-23737DB4C6F1}.Release|Any CPU.ActiveCfg = Release|Any CPU
		{6D6FFDFF-B06E-4B8A-A8A8-23737DB4C6F1}.Release|Any CPU.Build.0 = Release|Any CPU
		{C15EE141-B3DD-4D0E-A6F1-B4D124560514}.Debug|Any CPU.ActiveCfg = Debug|Any CPU
		{C15EE141-B3DD-4D0E-A6F1-B4D124560514}.Debug|Any CPU.Build.0 = Debug|Any CPU
		{C15EE141-B3DD-4D0E-A6F1-B4D124560514}.Release|Any CPU.ActiveCfg = Release|Any CPU
		{C15EE141-B3DD-4D0E-A6F1-B4D124560514}.Release|Any CPU.Build.0 = Release|Any CPU
		{EB81C434-24CC-441E-A236-1887911C4422}.Debug|Any CPU.ActiveCfg = Debug|Any CPU
		{EB81C434-24CC-441E-A236-1887911C4422}.Debug|Any CPU.Build.0 = Debug|Any CPU
		{EB81C434-24CC-441E-A236-1887911C4422}.Release|Any CPU.ActiveCfg = Release|Any CPU
		{EB81C434-24CC-441E-A236-1887911C4422}.Release|Any CPU.Build.0 = Release|Any CPU
		{D3F15FF2-2B05-4AE5-9DDF-D12E6A306439}.Debug|Any CPU.ActiveCfg = Debug|Any CPU
		{D3F15FF2-2B05-4AE5-9DDF-D12E6A306439}.Debug|Any CPU.Build.0 = Debug|Any CPU
		{D3F15FF2-2B05-4AE5-9DDF-D12E6A306439}.Release|Any CPU.ActiveCfg = Release|Any CPU
		{D3F15FF2-2B05-4AE5-9DDF-D12E6A306439}.Release|Any CPU.Build.0 = Release|Any CPU
		{58EA35C6-4BC5-46EB-BD92-6C022ADCB056}.Debug|Any CPU.ActiveCfg = Debug|Any CPU
		{58EA35C6-4BC5-46EB-BD92-6C022ADCB056}.Debug|Any CPU.Build.0 = Debug|Any CPU
		{58EA35C6-4BC5-46EB-BD92-6C022ADCB056}.Release|Any CPU.ActiveCfg = Release|Any CPU
		{58EA35C6-4BC5-46EB-BD92-6C022ADCB056}.Release|Any CPU.Build.0 = Release|Any CPU
	EndGlobalSection
	GlobalSection(SolutionProperties) = preSolution
		HideSolutionNode = FALSE
	EndGlobalSection
	GlobalSection(ExtensibilityGlobals) = postSolution
		SolutionGuid = {09ADE6AD-716D-4FB4-9BD3-3BCB01F1B548}
	EndGlobalSection
EndGlobal
