
Microsoft Visual Studio Solution File, Format Version 12.00
# Visual Studio Version 16
VisualStudioVersion = 16.0.30503.244
MinimumVisualStudioVersion = 10.0.40219.1
Project("{FAE04EC0-301F-11D3-BF4B-00C04F79EFBC}") = "DemoPropertyBinding", "DemoPropertyBinding\DemoPropertyBinding.csproj", "{571780DF-E04C-42C1-AA24-7707AC072354}"
EndProject
Global
	GlobalSection(SolutionConfigurationPlatforms) = preSolution
		Debug|Any CPU = Debug|Any CPU
		Release|Any CPU = Release|Any CPU
	EndGlobalSection
	GlobalSection(ProjectConfigurationPlatforms) = postSolution
		{571780DF-E04C-42C1-AA24-7707AC072354}.Debug|Any CPU.ActiveCfg = Debug|Any CPU
		{571780DF-E04C-42C1-AA24-7707AC072354}.Debug|Any CPU.Build.0 = Debug|Any CPU
		{571780DF-E04C-42C1-AA24-7707AC072354}.Release|Any CPU.ActiveCfg = Release|Any CPU
		{571780DF-E04C-42C1-AA24-7707AC072354}.Release|Any CPU.Build.0 = Release|Any CPU
	EndGlobalSection
	GlobalSection(SolutionProperties) = preSolution
		HideSolutionNode = FALSE
	EndGlobalSection
	GlobalSection(ExtensibilityGlobals) = postSolution
		SolutionGuid = {6C7FE7F2-B136-4925-972C-64407A7DCFE1}
	EndGlobalSection
EndGlobal
